// !$*UTF8*$!
{
	archiveVersion = 1;
	classes = {
	};
	objectVersion = 56;
	objects = {

/* Begin PBXBuildFile section */
		F672E40E2B9843FB007D7221 /* SwiftUI_BoxOfficeApp.swift in Sources */ = {isa = PBXBuildFile; fileRef = F672E40D2B9843FB007D7221 /* SwiftUI_BoxOfficeApp.swift */; };
		F672E4102B9843FB007D7221 /* MainView.swift in Sources */ = {isa = PBXBuildFile; fileRef = F672E40F2B9843FB007D7221 /* MainView.swift */; };
		F672E4122B9843FC007D7221 /* Assets.xcassets in Resources */ = {isa = PBXBuildFile; fileRef = F672E4112B9843FC007D7221 /* Assets.xcassets */; };
		F672E4152B9843FC007D7221 /* Preview Assets.xcassets in Resources */ = {isa = PBXBuildFile; fileRef = F672E4142B9843FC007D7221 /* Preview Assets.xcassets */; };
		F672E41C2B9847F8007D7221 /* NetworkManager.swift in Sources */ = {isa = PBXBuildFile; fileRef = F672E41B2B9847F8007D7221 /* NetworkManager.swift */; };
		F672E41F2B98488B007D7221 /* BoxOfficeAPI.swift in Sources */ = {isa = PBXBuildFile; fileRef = F672E41E2B98488B007D7221 /* BoxOfficeAPI.swift */; };
		F672E4212B986961007D7221 /* EndPoint.swift in Sources */ = {isa = PBXBuildFile; fileRef = F672E4202B986961007D7221 /* EndPoint.swift */; };
		F672E4232B987652007D7221 /* BoxOfficeDTO.swift in Sources */ = {isa = PBXBuildFile; fileRef = F672E4222B987652007D7221 /* BoxOfficeDTO.swift */; };
		F672E4252B98E12D007D7221 /* RankCellDetailView.swift in Sources */ = {isa = PBXBuildFile; fileRef = F672E4242B98E12D007D7221 /* RankCellDetailView.swift */; };
		F672E4272B98EA54007D7221 /* Date+.swift in Sources */ = {isa = PBXBuildFile; fileRef = F672E4262B98EA54007D7221 /* Date+.swift */; };
		F672E42A2B98EAB2007D7221 /* MainViewModel.swift in Sources */ = {isa = PBXBuildFile; fileRef = F672E4292B98EAB2007D7221 /* MainViewModel.swift */; };
/* End PBXBuildFile section */

/* Begin PBXFileReference section */
		F672E40A2B9843FB007D7221 /* SwiftUI_BoxOffice.app */ = {isa = PBXFileReference; explicitFileType = wrapper.application; includeInIndex = 0; path = SwiftUI_BoxOffice.app; sourceTree = BUILT_PRODUCTS_DIR; };
		F672E40D2B9843FB007D7221 /* SwiftUI_BoxOfficeApp.swift */ = {isa = PBXFileReference; lastKnownFileType = sourcecode.swift; path = SwiftUI_BoxOfficeApp.swift; sourceTree = "<group>"; };
		F672E40F2B9843FB007D7221 /* MainView.swift */ = {isa = PBXFileReference; lastKnownFileType = sourcecode.swift; path = MainView.swift; sourceTree = "<group>"; };
		F672E4112B9843FC007D7221 /* Assets.xcassets */ = {isa = PBXFileReference; lastKnownFileType = folder.assetcatalog; path = Assets.xcassets; sourceTree = "<group>"; };
		F672E4142B9843FC007D7221 /* Preview Assets.xcassets */ = {isa = PBXFileReference; lastKnownFileType = folder.assetcatalog; path = "Preview Assets.xcassets"; sourceTree = "<group>"; };
		F672E41B2B9847F8007D7221 /* NetworkManager.swift */ = {isa = PBXFileReference; lastKnownFileType = sourcecode.swift; path = NetworkManager.swift; sourceTree = "<group>"; };
		F672E41E2B98488B007D7221 /* BoxOfficeAPI.swift */ = {isa = PBXFileReference; lastKnownFileType = sourcecode.swift; path = BoxOfficeAPI.swift; sourceTree = "<group>"; };
		F672E4202B986961007D7221 /* EndPoint.swift */ = {isa = PBXFileReference; lastKnownFileType = sourcecode.swift; path = EndPoint.swift; sourceTree = "<group>"; };
		F672E4222B987652007D7221 /* BoxOfficeDTO.swift */ = {isa = PBXFileReference; lastKnownFileType = sourcecode.swift; path = BoxOfficeDTO.swift; sourceTree = "<group>"; };
		F672E4242B98E12D007D7221 /* RankCellDetailView.swift */ = {isa = PBXFileReference; lastKnownFileType = sourcecode.swift; path = RankCellDetailView.swift; sourceTree = "<group>"; };
		F672E4262B98EA54007D7221 /* Date+.swift */ = {isa = PBXFileReference; lastKnownFileType = sourcecode.swift; path = "Date+.swift"; sourceTree = "<group>"; };
		F672E4292B98EAB2007D7221 /* MainViewModel.swift */ = {isa = PBXFileReference; lastKnownFileType = sourcecode.swift; path = MainViewModel.swift; sourceTree = "<group>"; };
/* End PBXFileReference section */

/* Begin PBXFrameworksBuildPhase section */
		F672E4072B9843FB007D7221 /* Frameworks */ = {
			isa = PBXFrameworksBuildPhase;
			buildActionMask = 2147483647;
			files = (
			);
			runOnlyForDeploymentPostprocessing = 0;
		};
/* End PBXFrameworksBuildPhase section */

/* Begin PBXGroup section */
		F672E4012B9843FB007D7221 = {
			isa = PBXGroup;
			children = (
				F672E40C2B9843FB007D7221 /* SwiftUI_BoxOffice */,
				F672E40B2B9843FB007D7221 /* Products */,
			);
			sourceTree = "<group>";
		};
		F672E40B2B9843FB007D7221 /* Products */ = {
			isa = PBXGroup;
			children = (
				F672E40A2B9843FB007D7221 /* SwiftUI_BoxOffice.app */,
			);
			name = Products;
			sourceTree = "<group>";
		};
		F672E40C2B9843FB007D7221 /* SwiftUI_BoxOffice */ = {
			isa = PBXGroup;
			children = (
				F672E40D2B9843FB007D7221 /* SwiftUI_BoxOfficeApp.swift */,
				F672E40F2B9843FB007D7221 /* MainView.swift */,
				F672E4292B98EAB2007D7221 /* MainViewModel.swift */,
				F672E4242B98E12D007D7221 /* RankCellDetailView.swift */,
				F672E4282B98EA7A007D7221 /* Utility */,
				F672E41D2B9847FD007D7221 /* Networking */,
				F672E4112B9843FC007D7221 /* Assets.xcassets */,
				F672E4132B9843FC007D7221 /* Preview Content */,
			);
			path = SwiftUI_BoxOffice;
			sourceTree = "<group>";
		};
		F672E4132B9843FC007D7221 /* Preview Content */ = {
			isa = PBXGroup;
			children = (
				F672E4142B9843FC007D7221 /* Preview Assets.xcassets */,
			);
			path = "Preview Content";
			sourceTree = "<group>";
		};
		F672E41D2B9847FD007D7221 /* Networking */ = {
			isa = PBXGroup;
			children = (
				F672E41B2B9847F8007D7221 /* NetworkManager.swift */,
				F672E4202B986961007D7221 /* EndPoint.swift */,
				F672E41E2B98488B007D7221 /* BoxOfficeAPI.swift */,
				F672E4222B987652007D7221 /* BoxOfficeDTO.swift */,
			);
			path = Networking;
			sourceTree = "<group>";
		};
		F672E4282B98EA7A007D7221 /* Utility */ = {
			isa = PBXGroup;
			children = (
				F672E4262B98EA54007D7221 /* Date+.swift */,
			);
			path = Utility;
			sourceTree = "<group>";
		};
/* End PBXGroup section */

/* Begin PBXNativeTarget section */
		F672E4092B9843FB007D7221 /* SwiftUI_BoxOffice */ = {
			isa = PBXNativeTarget;
			buildConfigurationList = F672E4182B9843FC007D7221 /* Build configuration list for PBXNativeTarget "SwiftUI_BoxOffice" */;
			buildPhases = (
				F672E4062B9843FB007D7221 /* Sources */,
				F672E4072B9843FB007D7221 /* Frameworks */,
				F672E4082B9843FB007D7221 /* Resources */,
			);
			buildRules = (
			);
			dependencies = (
			);
			name = SwiftUI_BoxOffice;
			productName = SwiftUI_BoxOffice;
			productReference = F672E40A2B9843FB007D7221 /* SwiftUI_BoxOffice.app */;
			productType = "com.apple.product-type.application";
		};
/* End PBXNativeTarget section */

/* Begin PBXProject section */
		F672E4022B9843FB007D7221 /* Project object */ = {
			isa = PBXProject;
			attributes = {
				BuildIndependentTargetsInParallel = 1;
				LastSwiftUpdateCheck = 1520;
				LastUpgradeCheck = 1520;
				TargetAttributes = {
					F672E4092B9843FB007D7221 = {
						CreatedOnToolsVersion = 15.2;
					};
				};
			};
			buildConfigurationList = F672E4052B9843FB007D7221 /* Build configuration list for PBXProject "SwiftUI_BoxOffice" */;
			compatibilityVersion = "Xcode 14.0";
			developmentRegion = en;
			hasScannedForEncodings = 0;
			knownRegions = (
				en,
				Base,
			);
			mainGroup = F672E4012B9843FB007D7221;
			productRefGroup = F672E40B2B9843FB007D7221 /* Products */;
			projectDirPath = "";
			projectRoot = "";
			targets = (
				F672E4092B9843FB007D7221 /* SwiftUI_BoxOffice */,
			);
		};
/* End PBXProject section */

/* Begin PBXResourcesBuildPhase section */
		F672E4082B9843FB007D7221 /* Resources */ = {
			isa = PBXResourcesBuildPhase;
			buildActionMask = 2147483647;
			files = (
				F672E4152B9843FC007D7221 /* Preview Assets.xcassets in Resources */,
				F672E4122B9843FC007D7221 /* Assets.xcassets in Resources */,
			);
			runOnlyForDeploymentPostprocessing = 0;
		};
/* End PBXResourcesBuildPhase section */

/* Begin PBXSourcesBuildPhase section */
		F672E4062B9843FB007D7221 /* Sources */ = {
			isa = PBXSourcesBuildPhase;
			buildActionMask = 2147483647;
			files = (
				F672E41F2B98488B007D7221 /* BoxOfficeAPI.swift in Sources */,
				F672E41C2B9847F8007D7221 /* NetworkManager.swift in Sources */,
				F672E4212B986961007D7221 /* EndPoint.swift in Sources */,
				F672E4232B987652007D7221 /* BoxOfficeDTO.swift in Sources */,
				F672E4252B98E12D007D7221 /* RankCellDetailView.swift in Sources */,
				F672E4102B9843FB007D7221 /* MainView.swift in Sources */,
				F672E40E2B9843FB007D7221 /* SwiftUI_BoxOfficeApp.swift in Sources */,
				F672E4272B98EA54007D7221 /* Date+.swift in Sources */,
				F672E42A2B98EAB2007D7221 /* MainViewModel.swift in Sources */,
			);
			runOnlyForDeploymentPostprocessing = 0;
		};
/* End PBXSourcesBuildPhase section */

/* Begin XCBuildConfiguration section */
		F672E4162B9843FC007D7221 /* Debug */ = {
			isa = XCBuildConfiguration;
			buildSettings = {
				ALWAYS_SEARCH_USER_PATHS = NO;
				ASSETCATALOG_COMPILER_GENERATE_SWIFT_ASSET_SYMBOL_EXTENSIONS = YES;
				CLANG_ANALYZER_NONNULL = YES;
				CLANG_ANALYZER_NUMBER_OBJECT_CONVERSION = YES_AGGRESSIVE;
				CLANG_CXX_LANGUAGE_STANDARD = "gnu++20";
				CLANG_ENABLE_MODULES = YES;
				CLANG_ENABLE_OBJC_ARC = YES;
				CLANG_ENABLE_OBJC_WEAK = YES;
				CLANG_WARN_BLOCK_CAPTURE_AUTORELEASING = YES;
				CLANG_WARN_BOOL_CONVERSION = YES;
				CLANG_WARN_COMMA = YES;
				CLANG_WARN_CONSTANT_CONVERSION = YES;
				CLANG_WARN_DEPRECATED_OBJC_IMPLEMENTATIONS = YES;
				CLANG_WARN_DIRECT_OBJC_ISA_USAGE = YES_ERROR;
				CLANG_WARN_DOCUMENTATION_COMMENTS = YES;
				CLANG_WARN_EMPTY_BODY = YES;
				CLANG_WARN_ENUM_CONVERSION = YES;
				CLANG_WARN_INFINITE_RECURSION = YES;
				CLANG_WARN_INT_CONVERSION = YES;
				CLANG_WARN_NON_LITERAL_NULL_CONVERSION = YES;
				CLANG_WARN_OBJC_IMPLICIT_RETAIN_SELF = YES;
				CLANG_WARN_OBJC_LITERAL_CONVERSION = YES;
				CLANG_WARN_OBJC_ROOT_CLASS = YES_ERROR;
				CLANG_WARN_QUOTED_INCLUDE_IN_FRAMEWORK_HEADER = YES;
				CLANG_WARN_RANGE_LOOP_ANALYSIS = YES;
				CLANG_WARN_STRICT_PROTOTYPES = YES;
				CLANG_WARN_SUSPICIOUS_MOVE = YES;
				CLANG_WARN_UNGUARDED_AVAILABILITY = YES_AGGRESSIVE;
				CLANG_WARN_UNREACHABLE_CODE = YES;
				CLANG_WARN__DUPLICATE_METHOD_MATCH = YES;
				COPY_PHASE_STRIP = NO;
				DEBUG_INFORMATION_FORMAT = dwarf;
				ENABLE_STRICT_OBJC_MSGSEND = YES;
				ENABLE_TESTABILITY = YES;
				ENABLE_USER_SCRIPT_SANDBOXING = YES;
				GCC_C_LANGUAGE_STANDARD = gnu17;
				GCC_DYNAMIC_NO_PIC = NO;
				GCC_NO_COMMON_BLOCKS = YES;
				GCC_OPTIMIZATION_LEVEL = 0;
				GCC_PREPROCESSOR_DEFINITIONS = (
					"DEBUG=1",
					"$(inherited)",
				);
				GCC_WARN_64_TO_32_BIT_CONVERSION = YES;
				GCC_WARN_ABOUT_RETURN_TYPE = YES_ERROR;
				GCC_WARN_UNDECLARED_SELECTOR = YES;
				GCC_WARN_UNINITIALIZED_AUTOS = YES_AGGRESSIVE;
				GCC_WARN_UNUSED_FUNCTION = YES;
				GCC_WARN_UNUSED_VARIABLE = YES;
				IPHONEOS_DEPLOYMENT_TARGET = 17.2;
				LOCALIZATION_PREFERS_STRING_CATALOGS = YES;
				MTL_ENABLE_DEBUG_INFO = INCLUDE_SOURCE;
				MTL_FAST_MATH = YES;
				ONLY_ACTIVE_ARCH = YES;
				SDKROOT = iphoneos;
				SWIFT_ACTIVE_COMPILATION_CONDITIONS = "DEBUG $(inherited)";
				SWIFT_OPTIMIZATION_LEVEL = "-Onone";
			};
			name = Debug;
		};
		F672E4172B9843FC007D7221 /* Release */ = {
			isa = XCBuildConfiguration;
			buildSettings = {
				ALWAYS_SEARCH_USER_PATHS = NO;
				ASSETCATALOG_COMPILER_GENERATE_SWIFT_ASSET_SYMBOL_EXTENSIONS = YES;
				CLANG_ANALYZER_NONNULL = YES;
				CLANG_ANALYZER_NUMBER_OBJECT_CONVERSION = YES_AGGRESSIVE;
				CLANG_CXX_LANGUAGE_STANDARD = "gnu++20";
				CLANG_ENABLE_MODULES = YES;
				CLANG_ENABLE_OBJC_ARC = YES;
				CLANG_ENABLE_OBJC_WEAK = YES;
				CLANG_WARN_BLOCK_CAPTURE_AUTORELEASING = YES;
				CLANG_WARN_BOOL_CONVERSION = YES;
				CLANG_WARN_COMMA = YES;
				CLANG_WARN_CONSTANT_CONVERSION = YES;
				CLANG_WARN_DEPRECATED_OBJC_IMPLEMENTATIONS = YES;
				CLANG_WARN_DIRECT_OBJC_ISA_USAGE = YES_ERROR;
				CLANG_WARN_DOCUMENTATION_COMMENTS = YES;
				CLANG_WARN_EMPTY_BODY = YES;
				CLANG_WARN_ENUM_CONVERSION = YES;
				CLANG_WARN_INFINITE_RECURSION = YES;
				CLANG_WARN_INT_CONVERSION = YES;
				CLANG_WARN_NON_LITERAL_NULL_CONVERSION = YES;
				CLANG_WARN_OBJC_IMPLICIT_RETAIN_SELF = YES;
				CLANG_WARN_OBJC_LITERAL_CONVERSION = YES;
				CLANG_WARN_OBJC_ROOT_CLASS = YES_ERROR;
				CLANG_WARN_QUOTED_INCLUDE_IN_FRAMEWORK_HEADER = YES;
				CLANG_WARN_RANGE_LOOP_ANALYSIS = YES;
				CLANG_WARN_STRICT_PROTOTYPES = YES;
				CLANG_WARN_SUSPICIOUS_MOVE = YES;
				CLANG_WARN_UNGUARDED_AVAILABILITY = YES_AGGRESSIVE;
				CLANG_WARN_UNREACHABLE_CODE = YES;
				CLANG_WARN__DUPLICATE_METHOD_MATCH = YES;
				COPY_PHASE_STRIP = NO;
				DEBUG_INFORMATION_FORMAT = "dwarf-with-dsym";
				ENABLE_NS_ASSERTIONS = NO;
				ENABLE_STRICT_OBJC_MSGSEND = YES;
				ENABLE_USER_SCRIPT_SANDBOXING = YES;
				GCC_C_LANGUAGE_STANDARD = gnu17;
				GCC_NO_COMMON_BLOCKS = YES;
				GCC_WARN_64_TO_32_BIT_CONVERSION = YES;
				GCC_WARN_ABOUT_RETURN_TYPE = YES_ERROR;
				GCC_WARN_UNDECLARED_SELECTOR = YES;
				GCC_WARN_UNINITIALIZED_AUTOS = YES_AGGRESSIVE;
				GCC_WARN_UNUSED_FUNCTION = YES;
				GCC_WARN_UNUSED_VARIABLE = YES;
				IPHONEOS_DEPLOYMENT_TARGET = 17.2;
				LOCALIZATION_PREFERS_STRING_CATALOGS = YES;
				MTL_ENABLE_DEBUG_INFO = NO;
				MTL_FAST_MATH = YES;
				SDKROOT = iphoneos;
				SWIFT_COMPILATION_MODE = wholemodule;
				VALIDATE_PRODUCT = YES;
			};
			name = Release;
		};
		F672E4192B9843FC007D7221 /* Debug */ = {
			isa = XCBuildConfiguration;
			buildSettings = {
				ASSETCATALOG_COMPILER_APPICON_NAME = AppIcon;
				ASSETCATALOG_COMPILER_GLOBAL_ACCENT_COLOR_NAME = AccentColor;
				CODE_SIGN_STYLE = Automatic;
				CURRENT_PROJECT_VERSION = 1;
				DEVELOPMENT_ASSET_PATHS = "\"SwiftUI_BoxOffice/Preview Content\"";
				DEVELOPMENT_TEAM = 46957CX67H;
				ENABLE_PREVIEWS = YES;
				GENERATE_INFOPLIST_FILE = YES;
				INFOPLIST_KEY_UIApplicationSceneManifest_Generation = YES;
				INFOPLIST_KEY_UIApplicationSupportsIndirectInputEvents = YES;
				INFOPLIST_KEY_UILaunchScreen_Generation = YES;
				INFOPLIST_KEY_UISupportedInterfaceOrientations_iPad = "UIInterfaceOrientationPortrait UIInterfaceOrientationPortraitUpsideDown UIInterfaceOrientationLandscapeLeft UIInterfaceOrientationLandscapeRight";
				INFOPLIST_KEY_UISupportedInterfaceOrientations_iPhone = "UIInterfaceOrientationPortrait UIInterfaceOrientationLandscapeLeft UIInterfaceOrientationLandscapeRight";
				LD_RUNPATH_SEARCH_PATHS = (
					"$(inherited)",
					"@executable_path/Frameworks",
				);
				MARKETING_VERSION = 1.0;
				PRODUCT_BUNDLE_IDENTIFIER = "dylan-yoon.SwiftUI-BoxOffice";
				PRODUCT_NAME = "$(TARGET_NAME)";
				SWIFT_EMIT_LOC_STRINGS = YES;
				SWIFT_VERSION = 5.0;
				TARGETED_DEVICE_FAMILY = "1,2";
			};
			name = Debug;
		};
		F672E41A2B9843FC007D7221 /* Release */ = {
			isa = XCBuildConfiguration;
			buildSettings = {
				ASSETCATALOG_COMPILER_APPICON_NAME = AppIcon;
				ASSETCATALOG_COMPILER_GLOBAL_ACCENT_COLOR_NAME = AccentColor;
				CODE_SIGN_STYLE = Automatic;
				CURRENT_PROJECT_VERSION = 1;
				DEVELOPMENT_ASSET_PATHS = "\"SwiftUI_BoxOffice/Preview Content\"";
				DEVELOPMENT_TEAM = 46957CX67H;
				ENABLE_PREVIEWS = YES;
				GENERATE_INFOPLIST_FILE = YES;
				INFOPLIST_KEY_UIApplicationSceneManifest_Generation = YES;
				INFOPLIST_KEY_UIApplicationSupportsIndirectInputEvents = YES;
				INFOPLIST_KEY_UILaunchScreen_Generation = YES;
				INFOPLIST_KEY_UISupportedInterfaceOrientations_iPad = "UIInterfaceOrientationPortrait UIInterfaceOrientationPortraitUpsideDown UIInterfaceOrientationLandscapeLeft UIInterfaceOrientationLandscapeRight";
				INFOPLIST_KEY_UISupportedInterfaceOrientations_iPhone = "UIInterfaceOrientationPortrait UIInterfaceOrientationLandscapeLeft UIInterfaceOrientationLandscapeRight";
				LD_RUNPATH_SEARCH_PATHS = (
					"$(inherited)",
					"@executable_path/Frameworks",
				);
				MARKETING_VERSION = 1.0;
				PRODUCT_BUNDLE_IDENTIFIER = "dylan-yoon.SwiftUI-BoxOffice";
				PRODUCT_NAME = "$(TARGET_NAME)";
				SWIFT_EMIT_LOC_STRINGS = YES;
				SWIFT_VERSION = 5.0;
				TARGETED_DEVICE_FAMILY = "1,2";
			};
			name = Release;
		};
/* End XCBuildConfiguration section */

/* Begin XCConfigurationList section */
		F672E4052B9843FB007D7221 /* Build configuration list for PBXProject "SwiftUI_BoxOffice" */ = {
			isa = XCConfigurationList;
			buildConfigurations = (
				F672E4162B9843FC007D7221 /* Debug */,
				F672E4172B9843FC007D7221 /* Release */,
			);
			defaultConfigurationIsVisible = 0;
			defaultConfigurationName = Release;
		};
		F672E4182B9843FC007D7221 /* Build configuration list for PBXNativeTarget "SwiftUI_BoxOffice" */ = {
			isa = XCConfigurationList;
			buildConfigurations = (
				F672E4192B9843FC007D7221 /* Debug */,
				F672E41A2B9843FC007D7221 /* Release */,
			);
			defaultConfigurationIsVisible = 0;
			defaultConfigurationName = Release;
		};
/* End XCConfigurationList section */
	};
	rootObject = F672E4022B9843FB007D7221 /* Project object */;
}
